# This file is autogenerated, do not edit; changes may be undone by the next 'dep ensure'.


[[projects]]
  digest = "1:6e5c185e8d31660ed469b1da14650753ec228c6ef4e2c45c075bf48b927c6520"
  name = "github.com/armon/go-metrics"
  packages = ["."]
  pruneopts = "UT"
  revision = "13f9d8e9b41c66738153b7582f1f62add8e407c8"
  version = "v0.3.0"

[[projects]]
  digest = "1:b46f50677ef33284ebde2b285a42b707ff9e1de1f37328d91869859c929ebbd2"
  name = "github.com/go-redis/redis"
  packages = [
    ".",
    "internal",
    "internal/consistenthash",
    "internal/hashtag",
    "internal/pool",
    "internal/proto",
    "internal/util",
  ]
  pruneopts = "UT"
  revision = "7f69d5e32072d151eb6936cbe2306413e8117488"
  version = "v6.15.6"

[[projects]]
  branch = "master"
  digest = "1:71fb97e52979668d72f16c6c94851bf99ae1187998f2a2415d6f5ffa5e2592bb"
  name = "github.com/gobs/args"
  packages = ["."]
  pruneopts = "UT"
  revision = "86002b4df18c1c4919c97bd7b7bd46e216fc69c3"

[[projects]]
  branch = "master"
  digest = "1:44a4dadf03b1f554c8fbe2f4511e71cbb3d989a9f85d49cc4c8cd326965c0793"
  name = "github.com/gobs/cmd"
  packages = [
    ".",
    "internal",
  ]
  pruneopts = "UT"
  revision = "491cb99ce818d44304250387acbc7cc63f4be798"

[[projects]]
  branch = "master"
  digest = "1:766bf25377bc2a5bd7b7b2bbe3a490200be68cc325c63db9f338316357086f2f"
  name = "github.com/gobs/pretty"
  packages = ["."]
  pruneopts = "UT"
  revision = "09732c25a95b8e10e85177a3201cf4c7fe35a377"

[[projects]]
  digest = "1:0bfbe13936953a98ae3cfe8ed6670d396ad81edf069a806d2f6515d7bb6950df"
  name = "github.com/google/btree"
  packages = ["."]
  pruneopts = "UT"
  revision = "4030bb1f1f0c35b30ca7009e9ebd06849dd45306"
  version = "v1.0.0"

[[projects]]
  digest = "1:0ade334594e69404d80d9d323445d2297ff8161637f9b2d347cc6973d2d6f05b"
  name = "github.com/hashicorp/errwrap"
  packages = ["."]
  pruneopts = "UT"
  revision = "8a6fb523712970c966eefc6b39ed2c5e74880354"
  version = "v1.0.0"

[[projects]]
  digest = "1:6e9806a06d00f4d1f90806d7b5cfb11e35dca76503390ca6e704b05ea7051bff"
  name = "github.com/hashicorp/go-immutable-radix"
  packages = ["."]
  pruneopts = "UT"
  revision = "7dd1121b595e4e1bd6dd5caa78e0f5c454740379"
  version = "v1.1.0"

[[projects]]
  digest = "1:5d8539af558ca2ea960a4c11afb12c75ae9e9dca3560f1103318aaa2030e37e2"
  name = "github.com/hashicorp/go-msgpack"
  packages = ["codec"]
  pruneopts = "UT"
  revision = "ad60660ecf9c5a1eae0ca32182ed72bab5807961"
  version = "v0.5.5"

[[projects]]
  digest = "1:f668349b83f7d779567c880550534addeca7ebadfdcf44b0b9c39be61864b4b7"
  name = "github.com/hashicorp/go-multierror"
  packages = ["."]
  pruneopts = "UT"
  revision = "886a7fbe3eb1c874d46f623bfa70af45f425b3d1"
  version = "v1.0.0"

[[projects]]
  digest = "1:8abc57884881876d02f467bb7d4ed7ce3a58dac3f8f7ba60579ce4ffc6afd7e1"
  name = "github.com/hashicorp/go-sockaddr"
  packages = ["."]
  pruneopts = "UT"
  revision = "c7188e74f6acae5a989bdc959aa779f8b9f42faf"
  version = "v1.0.2"

[[projects]]
  digest = "1:7fae9ec96d10b2afce0da23c378c8b3389319b7f92fa092f2621bba3078cfb4b"
  name = "github.com/hashicorp/golang-lru"
  packages = ["simplelru"]
  pruneopts = "UT"
  revision = "7f827b33c0f158ec5dfbba01bb0b14a4541fd81d"
  version = "v0.5.3"

[[projects]]
  digest = "1:08ff8f64cc32d2bf06d0e09daf9b3bde7375e2d9e361b081a3faa405de3292a5"
  name = "github.com/hashicorp/memberlist"
  packages = ["."]
  pruneopts = "UT"
  revision = "08c40f9c3d80ff3cad168e02c8dca2713e57821b"
  version = "v0.1.5"

[[projects]]
  digest = "1:8b9352f5af622f234923139000732eb2fb32574949fa84d60a21c70e5dd7d3e6"
  name = "github.com/mattn/go-runewidth"
  packages = ["."]
  pruneopts = "UT"
  revision = "f93a0d58d5fd95e53f82782d07bb0c79d23e1290"
  version = "v0.0.6"

[[projects]]
  digest = "1:311658edb63e7c43bce1fed43495d75f3c0d6ddc801719b428b873b5049c683f"
  name = "github.com/miekg/dns"
  packages = ["."]
  pruneopts = "UT"
  revision = "1e224ff5dead8366ed6fcdcb832794be42e73f0e"
  version = "v1.1.22"

[[projects]]
  branch = "master"
  digest = "1:89da0f0574bc94cfd0ac8b59af67bf76cdd110d503df2721006b9f0492394333"
  name = "github.com/petar/GoLLRB"
  packages = ["llrb"]
  pruneopts = "UT"
  revision = "33fb24c13b99c46c93183c291836c573ac382536"

[[projects]]
  digest = "1:3adb9a64324d242301833d0b8b3bb51b4f31f928d5a05224256121dc5b8895c7"
  name = "github.com/peterh/liner"
  packages = ["."]
  pruneopts = "UT"
  revision = "5a0dfa99e2aa1d433a9642e863da51402e609376"
  version = "v1.1.0"

[[projects]]
  digest = "1:b778880d47d8544b11cd82b0d9731f9669d653489b400d0b5899b8a20934e7b4"
  name = "github.com/robfig/cron"
  packages = ["."]
  pruneopts = "UT"
  revision = "45fbe1491cdd47d74d1bf1396286d67faee8b8b5"
  version = "v3.0.0"

[[projects]]
  branch = "master"
  digest = "1:579c4bbcc2e16d4caf871ba91c0e2c331b07c5560c80d142d82c0de01c57fa96"
  name = "github.com/sean-/seed"
  packages = ["."]
  pruneopts = "UT"
  revision = "e2103e2c35297fb7e17febb81e49b312087a2372"

[[projects]]
  branch = "master"
  digest = "1:cd7e85fc3687e062714febdee3e8efeb00a413a2a620d28908fd0258261d2353"
  name = "golang.org/x/crypto"
  packages = [
    "ed25519",
    "ed25519/internal/edwards25519",
  ]
  pruneopts = "UT"
  revision = "ac88ee75c92c889b97e05591e9a39b6480c538b3"

[[projects]]
  branch = "master"
  digest = "1:7182ef5a2af56ca8c788b291e7f9926b85c354eb0a93bc5a57ce19c99e42d74f"
  name = "golang.org/x/net"
  packages = [
    "bpf",
    "internal/iana",
    "internal/socket",
    "ipv4",
    "ipv6",
  ]
  pruneopts = "UT"
  revision = "ef20fe5d793301b553005db740f730d87993f778"

[[projects]]
  branch = "master"
  digest = "1:055d921edfad0ae56ef0d21a124a002cf3a669b4c42e85b810abf0225226e2a3"
  name = "golang.org/x/sys"
  packages = [
    "unix",
    "windows",
  ]
  pruneopts = "UT"
  revision = "63cb32ae39b28d6bb8e7e215c1fc39dd80dcdb02"

[[projects]]
  digest = "1:e5120c4f47678d94949614b0769758677cd3d64b5b81a5fb4351a669ba318507"
  name = "stathat.com/c/consistent"
  packages = ["."]
  pruneopts = "UT"
  revision = "ad91dc4a3a642859730ff3d65929fce009bfdc23"
  version = "v1.0.0"

[solve-meta]
  analyzer-name = "dep"
  analyzer-version = 1
  input-imports = [
    "github.com/go-redis/redis",
    "github.com/gobs/cmd",
    "github.com/hashicorp/memberlist",
    "github.com/robfig/cron",
    "stathat.com/c/consistent",
  ]
  solver-name = "gps-cdcl"
  solver-version = 1
